// !$*UTF8*$!
{
	archiveVersion = 1;
	classes = {
	};
	objectVersion = 56;
	objects = {

/* Begin PBXBuildFile section */
		8435E5242F1F49FA007BE749 /* InfomaticApp.swift in Sources */ = {isa = PBXBuildFile; fileRef = 8435E5232F1F49FA007BE749 /* InfomaticApp.swift */; };
		8435E5262F1F49FA007BE749 /* ContentView.swift in Sources */ = {isa = PBXBuildFile; fileRef = 8435E5252F1F49FA007BE749 /* ContentView.swift */; };
		8435E5282F1F49FC007BE749 /* Assets.xcassets in Resources */ = {isa = PBXBuildFile; fileRef = 8435E5272F1F49FC007BE749 /* Assets.xcassets */; };
		8435E52B2F1F49FC007BE749 /* Preview Assets.xcassets in Resources */ = {isa = PBXBuildFile; fileRef = 8435E52A2F1F49FC007BE749 /* Preview Assets.xcassets */; };
		8435E5352F1F49FC007BE749 /* InfomaticTests.swift in Sources */ = {isa = PBXBuildFile; fileRef = 8435E5342F1F49FC007BE749 /* InfomaticTests.swift */; };
		8435E53F2F1F49FC007BE749 /* InfomaticUITests.swift in Sources */ = {isa = PBXBuildFile; fileRef = 8435E53E2F1F49FC007BE749 /* InfomaticUITests.swift */; };
		8435E5412F1F49FC007BE749 /* InfomaticUITestsLaunchTests.swift in Sources */ = {isa = PBXBuildFile; fileRef = 8435E5402F1F49FC007BE749 /* InfomaticUITestsLaunchTests.swift */; };
/* End PBXBuildFile section */

/* Begin PBXContainerItemProxy section */
		8435E5312F1F49FC007BE749 /* PBXContainerItemProxy */ = {
			isa = PBXContainerItemProxy;
			containerPortal = 8435E5182F1F49FA007BE749 /* Project object */;
			proxyType = 1;
			remoteGlobalIDString = 8435E51F2F1F49FA007BE749;
			remoteInfo = Infomatic;
		};
		8435E53B2F1F49FC007BE749 /* PBXContainerItemProxy */ = {
			isa = PBXContainerItemProxy;
			containerPortal = 8435E5182F1F49FA007BE749 /* Project object */;
			proxyType = 1;
			remoteGlobalIDString = 8435E51F2F1F49FA007BE749;
			remoteInfo = Infomatic;
		};
/* End PBXContainerItemProxy section */

/* Begin PBXFileReference section */
		8435E5202F1F49FA007BE749 /* Infomatic.app */ = {isa = PBXFileReference; explicitFileType = wrapper.application; includeInIndex = 0; path = Infomatic.app; sourceTree = BUILT_PRODUCTS_DIR; };
		8435E5232F1F49FA007BE749 /* InfomaticApp.swift */ = {isa = PBXFileReference; lastKnownFileType = sourcecode.swift; path = InfomaticApp.swift; sourceTree = "<group>"; };
		8435E5252F1F49FA007BE749 /* ContentView.swift */ = {isa = PBXFileReference; lastKnownFileType = sourcecode.swift; path = ContentView.swift; sourceTree = "<group>"; };
		8435E5272F1F49FC007BE749 /* Assets.xcassets */ = {isa = PBXFileReference; lastKnownFileType = folder.assetcatalog; path = Assets.xcassets; sourceTree = "<group>"; };
		8435E52A2F1F49FC007BE749 /* Preview Assets.xcassets */ = {isa = PBXFileReference; lastKnownFileType = folder.assetcatalog; path = "Preview Assets.xcassets"; sourceTree = "<group>"; };
		8435E5302F1F49FC007BE749 /* InfomaticTests.xctest */ = {isa = PBXFileReference; explicitFileType = wrapper.cfbundle; includeInIndex = 0; path = InfomaticTests.xctest; sourceTree = BUILT_PRODUCTS_DIR; };
		8435E5342F1F49FC007BE749 /* InfomaticTests.swift */ = {isa = PBXFileReference; lastKnownFileType = sourcecode.swift; path = InfomaticTests.swift; sourceTree = "<group>"; };
		8435E53A2F1F49FC007BE749 /* InfomaticUITests.xctest */ = {isa = PBXFileReference; explicitFileType = wrapper.cfbundle; includeInIndex = 0; path = InfomaticUITests.xctest; sourceTree = BUILT_PRODUCTS_DIR; };
		8435E53E2F1F49FC007BE749 /* InfomaticUITests.swift */ = {isa = PBXFileReference; lastKnownFileType = sourcecode.swift; path = InfomaticUITests.swift; sourceTree = "<group>"; };
		8435E5402F1F49FC007BE749 /* InfomaticUITestsLaunchTests.swift */ = {isa = PBXFileReference; lastKnownFileType = sourcecode.swift; path = InfomaticUITestsLaunchTests.swift; sourceTree = "<group>"; };
/* End PBXFileReference section */

/* Begin PBXFrameworksBuildPhase section */
		8435E51D2F1F49FA007BE749 /* Frameworks */ = {
			isa = PBXFrameworksBuildPhase;
			buildActionMask = 2147483647;
			files = (
			);
			runOnlyForDeploymentPostprocessing = 0;
		};
		8435E52D2F1F49FC007BE749 /* Frameworks */ = {
			isa = PBXFrameworksBuildPhase;
			buildActionMask = 2147483647;
			files = (
			);
			runOnlyForDeploymentPostprocessing = 0;
		};
		8435E5372F1F49FC007BE749 /* Frameworks */ = {
			isa = PBXFrameworksBuildPhase;
			buildActionMask = 2147483647;
			files = (
			);
			runOnlyForDeploymentPostprocessing = 0;
		};
/* End PBXFrameworksBuildPhase section */

/* Begin PBXGroup section */
		8435E5172F1F49FA007BE749 = {
			isa = PBXGroup;
			children = (
				8435E5222F1F49FA007BE749 /* Infomatic */,
				8435E5332F1F49FC007BE749 /* InfomaticTests */,
				8435E53D2F1F49FC007BE749 /* InfomaticUITests */,
				8435E5212F1F49FA007BE749 /* Products */,
			);
			sourceTree = "<group>";
		};
		8435E5212F1F49FA007BE749 /* Products */ = {
			isa = PBXGroup;
			children = (
				8435E5202F1F49FA007BE749 /* Infomatic.app */,
				8435E5302F1F49FC007BE749 /* InfomaticTests.xctest */,
				8435E53A2F1F49FC007BE749 /* InfomaticUITests.xctest */,
			);
			name = Products;
			sourceTree = "<group>";
		};
		8435E5222F1F49FA007BE749 /* Infomatic */ = {
			isa = PBXGroup;
			children = (
				8435E5232F1F49FA007BE749 /* InfomaticApp.swift */,
				8435E5252F1F49FA007BE749 /* ContentView.swift */,
				8435E5272F1F49FC007BE749 /* Assets.xcassets */,
				8435E5292F1F49FC007BE749 /* Preview Content */,
			);
			path = Infomatic;
			sourceTree = "<group>";
		};
		8435E5292F1F49FC007BE749 /* Preview Content */ = {
			isa = PBXGroup;
			children = (
				8435E52A2F1F49FC007BE749 /* Preview Assets.xcassets */,
			);
			path = "Preview Content";
			sourceTree = "<group>";
		};
		8435E5332F1F49FC007BE749 /* InfomaticTests */ = {
			isa = PBXGroup;
			children = (
				8435E5342F1F49FC007BE749 /* InfomaticTests.swift */,
			);
			path = InfomaticTests;
			sourceTree = "<group>";
		};
		8435E53D2F1F49FC007BE749 /* InfomaticUITests */ = {
			isa = PBXGroup;
			children = (
				8435E53E2F1F49FC007BE749 /* InfomaticUITests.swift */,
				8435E5402F1F49FC007BE749 /* InfomaticUITestsLaunchTests.swift */,
			);
			path = InfomaticUITests;
			sourceTree = "<group>";
		};
/* End PBXGroup section */

/* Begin PBXNativeTarget section */
		8435E51F2F1F49FA007BE749 /* Infomatic */ = {
			isa = PBXNativeTarget;
			buildConfigurationList = 8435E5442F1F49FC007BE749 /* Build configuration list for PBXNativeTarget "Infomatic" */;
			buildPhases = (
				8435E51C2F1F49FA007BE749 /* Sources */,
				8435E51D2F1F49FA007BE749 /* Frameworks */,
				8435E51E2F1F49FA007BE749 /* Resources */,
			);
			buildRules = (
			);
			dependencies = (
			);
			name = Infomatic;
			productName = Infomatic;
			productReference = 8435E5202F1F49FA007BE749 /* Infomatic.app */;
			productType = "com.apple.product-type.application";
		};
		8435E52F2F1F49FC007BE749 /* InfomaticTests */ = {
			isa = PBXNativeTarget;
			buildConfigurationList = 8435E5472F1F49FC007BE749 /* Build configuration list for PBXNativeTarget "InfomaticTests" */;
			buildPhases = (
				8435E52C2F1F49FC007BE749 /* Sources */,
				8435E52D2F1F49FC007BE749 /* Frameworks */,
				8435E52E2F1F49FC007BE749 /* Resources */,
			);
			buildRules = (
			);
			dependencies = (
				8435E5322F1F49FC007BE749 /* PBXTargetDependency */,
			);
			name = InfomaticTests;
			productName = InfomaticTests;
			productReference = 8435E5302F1F49FC007BE749 /* InfomaticTests.xctest */;
			productType = "com.apple.product-type.bundle.unit-test";
		};
		8435E5392F1F49FC007BE749 /* InfomaticUITests */ = {
			isa = PBXNativeTarget;
			buildConfigurationList = 8435E54A2F1F49FC007BE749 /* Build configuration list for PBXNativeTarget "InfomaticUITests" */;
			buildPhases = (
				8435E5362F1F49FC007BE749 /* Sources */,
				8435E5372F1F49FC007BE749 /* Frameworks */,
				8435E5382F1F49FC007BE749 /* Resources */,
			);
			buildRules = (
			);
			dependencies = (
				8435E53C2F1F49FC007BE749 /* PBXTargetDependency */,
			);
			name = InfomaticUITests;
			productName = InfomaticUITests;
			productReference = 8435E53A2F1F49FC007BE749 /* InfomaticUITests.xctest */;
			productType = "com.apple.product-type.bundle.ui-testing";
		};
/* End PBXNativeTarget section */

/* Begin PBXProject section */
		8435E5182F1F49FA007BE749 /* Project object */ = {
			isa = PBXProject;
			attributes = {
				BuildIndependentTargetsInParallel = 1;
				LastSwiftUpdateCheck = 1520;
				LastUpgradeCheck = 1520;
				TargetAttributes = {
					8435E51F2F1F49FA007BE749 = {
						CreatedOnToolsVersion = 15.2;
					};
					8435E52F2F1F49FC007BE749 = {
						CreatedOnToolsVersion = 15.2;
						TestTargetID = 8435E51F2F1F49FA007BE749;
					};
					8435E5392F1F49FC007BE749 = {
						CreatedOnToolsVersion = 15.2;
						TestTargetID = 8435E51F2F1F49FA007BE749;
					};
				};
			};
			buildConfigurationList = 8435E51B2F1F49FA007BE749 /* Build configuration list for PBXProject "Infomatic" */;
			compatibilityVersion = "Xcode 14.0";
			developmentRegion = en;
			hasScannedForEncodings = 0;
			knownRegions = (
				en,
				Base,
			);
			mainGroup = 8435E5172F1F49FA007BE749;
			productRefGroup = 8435E5212F1F49FA007BE749 /* Products */;
			projectDirPath = "";
			projectRoot = "";
			targets = (
				8435E51F2F1F49FA007BE749 /* Infomatic */,
				8435E52F2F1F49FC007BE749 /* InfomaticTests */,
				8435E5392F1F49FC007BE749 /* InfomaticUITests */,
			);
		};
/* End PBXProject section */

/* Begin PBXResourcesBuildPhase section */
		8435E51E2F1F49FA007BE749 /* Resources */ = {
			isa = PBXResourcesBuildPhase;
			buildActionMask = 2147483647;
			files = (
				8435E52B2F1F49FC007BE749 /* Preview Assets.xcassets in Resources */,
				8435E5282F1F49FC007BE749 /* Assets.xcassets in Resources */,
			);
			runOnlyForDeploymentPostprocessing = 0;
		};
		8435E52E2F1F49FC007BE749 /* Resources */ = {
			isa = PBXResourcesBuildPhase;
			buildActionMask = 2147483647;
			files = (
			);
			runOnlyForDeploymentPostprocessing = 0;
		};
		8435E5382F1F49FC007BE749 /* Resources */ = {
			isa = PBXResourcesBuildPhase;
			buildActionMask = 2147483647;
			files = (
			);
			runOnlyForDeploymentPostprocessing = 0;
		};
/* End PBXResourcesBuildPhase section */

/* Begin PBXSourcesBuildPhase section */
		8435E51C2F1F49FA007BE749 /* Sources */ = {
			isa = PBXSourcesBuildPhase;
			buildActionMask = 2147483647;
			files = (
				8435E5262F1F49FA007BE749 /* ContentView.swift in Sources */,
				8435E5242F1F49FA007BE749 /* InfomaticApp.swift in Sources */,
			);
			runOnlyForDeploymentPostprocessing = 0;
		};
		8435E52C2F1F49FC007BE749 /* Sources */ = {
			isa = PBXSourcesBuildPhase;
			buildActionMask = 2147483647;
			files = (
				8435E5352F1F49FC007BE749 /* InfomaticTests.swift in Sources */,
			);
			runOnlyForDeploymentPostprocessing = 0;
		};
		8435E5362F1F49FC007BE749 /* Sources */ = {
			isa = PBXSourcesBuildPhase;
			buildActionMask = 2147483647;
			files = (
				8435E53F2F1F49FC007BE749 /* InfomaticUITests.swift in Sources */,
				8435E5412F1F49FC007BE749 /* InfomaticUITestsLaunchTests.swift in Sources */,
			);
			runOnlyForDeploymentPostprocessing = 0;
		};
/* End PBXSourcesBuildPhase section */

/* Begin PBXTargetDependency section */
		8435E5322F1F49FC007BE749 /* PBXTargetDependency */ = {
			isa = PBXTargetDependency;
			target = 8435E51F2F1F49FA007BE749 /* Infomatic */;
			targetProxy = 8435E5312F1F49FC007BE749 /* PBXContainerItemProxy */;
		};
		8435E53C2F1F49FC007BE749 /* PBXTargetDependency */ = {
			isa = PBXTargetDependency;
			target = 8435E51F2F1F49FA007BE749 /* Infomatic */;
			targetProxy = 8435E53B2F1F49FC007BE749 /* PBXContainerItemProxy */;
		};
/* End PBXTargetDependency section */

/* Begin XCBuildConfiguration section */
		8435E5422F1F49FC007BE749 /* Debug */ = {
			isa = XCBuildConfiguration;
			buildSettings = {
				ALWAYS_SEARCH_USER_PATHS = NO;
				ASSETCATALOG_COMPILER_GENERATE_SWIFT_ASSET_SYMBOL_EXTENSIONS = YES;
				CLANG_ANALYZER_NONNULL = YES;
				CLANG_ANALYZER_NUMBER_OBJECT_CONVERSION = YES_AGGRESSIVE;
				CLANG_CXX_LANGUAGE_STANDARD = "gnu++20";
				CLANG_ENABLE_MODULES = YES;
				CLANG_ENABLE_OBJC_ARC = YES;
				CLANG_ENABLE_OBJC_WEAK = YES;
				CLANG_WARN_BLOCK_CAPTURE_AUTORELEASING = YES;
				CLANG_WARN_BOOL_CONVERSION = YES;
				CLANG_WARN_COMMA = YES;
				CLANG_WARN_CONSTANT_CONVERSION = YES;
				CLANG_WARN_DEPRECATED_OBJC_IMPLEMENTATIONS = YES;
				CLANG_WARN_DIRECT_OBJC_ISA_USAGE = YES_ERROR;
				CLANG_WARN_DOCUMENTATION_COMMENTS = YES;
				CLANG_WARN_EMPTY_BODY = YES;
				CLANG_WARN_ENUM_CONVERSION = YES;
				CLANG_WARN_INFINITE_RECURSION = YES;
				CLANG_WARN_INT_CONVERSION = YES;
				CLANG_WARN_NON_LITERAL_NULL_CONVERSION = YES;
				CLANG_WARN_OBJC_IMPLICIT_RETAIN_SELF = YES;
				CLANG_WARN_OBJC_LITERAL_CONVERSION = YES;
				CLANG_WARN_OBJC_ROOT_CLASS = YES_ERROR;
				CLANG_WARN_QUOTED_INCLUDE_IN_FRAMEWORK_HEADER = YES;
				CLANG_WARN_RANGE_LOOP_ANALYSIS = YES;
				CLANG_WARN_STRICT_PROTOTYPES = YES;
				CLANG_WARN_SUSPICIOUS_MOVE = YES;
				CLANG_WARN_UNGUARDED_AVAILABILITY = YES_AGGRESSIVE;
				CLANG_WARN_UNREACHABLE_CODE = YES;
				CLANG_WARN__DUPLICATE_METHOD_MATCH = YES;
				COPY_PHASE_STRIP = NO;
				DEBUG_INFORMATION_FORMAT = dwarf;
				ENABLE_STRICT_OBJC_MSGSEND = YES;
				ENABLE_TESTABILITY = YES;
				ENABLE_USER_SCRIPT_SANDBOXING = YES;
				GCC_C_LANGUAGE_STANDARD = gnu17;
				GCC_DYNAMIC_NO_PIC = NO;
				GCC_NO_COMMON_BLOCKS = YES;
				GCC_OPTIMIZATION_LEVEL = 0;
				GCC_PREPROCESSOR_DEFINITIONS = (
					"DEBUG=1",
					"$(inherited)",
				);
				GCC_WARN_64_TO_32_BIT_CONVERSION = YES;
				GCC_WARN_ABOUT_RETURN_TYPE = YES_ERROR;
				GCC_WARN_UNDECLARED_SELECTOR = YES;
				GCC_WARN_UNINITIALIZED_AUTOS = YES_AGGRESSIVE;
				GCC_WARN_UNUSED_FUNCTION = YES;
				GCC_WARN_UNUSED_VARIABLE = YES;
				IPHONEOS_DEPLOYMENT_TARGET = 17.2;
				LOCALIZATION_PREFERS_STRING_CATALOGS = YES;
				MTL_ENABLE_DEBUG_INFO = INCLUDE_SOURCE;
				MTL_FAST_MATH = YES;
				ONLY_ACTIVE_ARCH = YES;
				SDKROOT = iphoneos;
				SWIFT_ACTIVE_COMPILATION_CONDITIONS = "DEBUG $(inherited)";
				SWIFT_OPTIMIZATION_LEVEL = "-Onone";
			};
			name = Debug;
		};
		8435E5432F1F49FC007BE749 /* Release */ = {
			isa = XCBuildConfiguration;
			buildSettings = {
				ALWAYS_SEARCH_USER_PATHS = NO;
				ASSETCATALOG_COMPILER_GENERATE_SWIFT_ASSET_SYMBOL_EXTENSIONS = YES;
				CLANG_ANALYZER_NONNULL = YES;
				CLANG_ANALYZER_NUMBER_OBJECT_CONVERSION = YES_AGGRESSIVE;
				CLANG_CXX_LANGUAGE_STANDARD = "gnu++20";
				CLANG_ENABLE_MODULES = YES;
				CLANG_ENABLE_OBJC_ARC = YES;
				CLANG_ENABLE_OBJC_WEAK = YES;
				CLANG_WARN_BLOCK_CAPTURE_AUTORELEASING = YES;
				CLANG_WARN_BOOL_CONVERSION = YES;
				CLANG_WARN_COMMA = YES;
				CLANG_WARN_CONSTANT_CONVERSION = YES;
				CLANG_WARN_DEPRECATED_OBJC_IMPLEMENTATIONS = YES;
				CLANG_WARN_DIRECT_OBJC_ISA_USAGE = YES_ERROR;
				CLANG_WARN_DOCUMENTATION_COMMENTS = YES;
				CLANG_WARN_EMPTY_BODY = YES;
				CLANG_WARN_ENUM_CONVERSION = YES;
				CLANG_WARN_INFINITE_RECURSION = YES;
				CLANG_WARN_INT_CONVERSION = YES;
				CLANG_WARN_NON_LITERAL_NULL_CONVERSION = YES;
				CLANG_WARN_OBJC_IMPLICIT_RETAIN_SELF = YES;
				CLANG_WARN_OBJC_LITERAL_CONVERSION = YES;
				CLANG_WARN_OBJC_ROOT_CLASS = YES_ERROR;
				CLANG_WARN_QUOTED_INCLUDE_IN_FRAMEWORK_HEADER = YES;
				CLANG_WARN_RANGE_LOOP_ANALYSIS = YES;
				CLANG_WARN_STRICT_PROTOTYPES = YES;
				CLANG_WARN_SUSPICIOUS_MOVE = YES;
				CLANG_WARN_UNGUARDED_AVAILABILITY = YES_AGGRESSIVE;
				CLANG_WARN_UNREACHABLE_CODE = YES;
				CLANG_WARN__DUPLICATE_METHOD_MATCH = YES;
				COPY_PHASE_STRIP = NO;
				DEBUG_INFORMATION_FORMAT = "dwarf-with-dsym";
				ENABLE_NS_ASSERTIONS = NO;
				ENABLE_STRICT_OBJC_MSGSEND = YES;
				ENABLE_USER_SCRIPT_SANDBOXING = YES;
				GCC_C_LANGUAGE_STANDARD = gnu17;
				GCC_NO_COMMON_BLOCKS = YES;
				GCC_WARN_64_TO_32_BIT_CONVERSION = YES;
				GCC_WARN_ABOUT_RETURN_TYPE = YES_ERROR;
				GCC_WARN_UNDECLARED_SELECTOR = YES;
				GCC_WARN_UNINITIALIZED_AUTOS = YES_AGGRESSIVE;
				GCC_WARN_UNUSED_FUNCTION = YES;
				GCC_WARN_UNUSED_VARIABLE = YES;
				IPHONEOS_DEPLOYMENT_TARGET = 17.2;
				LOCALIZATION_PREFERS_STRING_CATALOGS = YES;
				MTL_ENABLE_DEBUG_INFO = NO;
				MTL_FAST_MATH = YES;
				SDKROOT = iphoneos;
				SWIFT_COMPILATION_MODE = wholemodule;
				VALIDATE_PRODUCT = YES;
			};
			name = Release;
		};
		8435E5452F1F49FC007BE749 /* Debug */ = {
			isa = XCBuildConfiguration;
			buildSettings = {
				ASSETCATALOG_COMPILER_APPICON_NAME = AppIcon;
				ASSETCATALOG_COMPILER_GLOBAL_ACCENT_COLOR_NAME = AccentColor;
				CODE_SIGN_STYLE = Automatic;
				CURRENT_PROJECT_VERSION = 1;
				DEVELOPMENT_ASSET_PATHS = "\"Infomatic/Preview Content\"";
				ENABLE_PREVIEWS = YES;
				GENERATE_INFOPLIST_FILE = YES;
				INFOPLIST_KEY_UIApplicationSceneManifest_Generation = YES;
				INFOPLIST_KEY_UIApplicationSupportsIndirectInputEvents = YES;
				INFOPLIST_KEY_UILaunchScreen_Generation = YES;
				INFOPLIST_KEY_UISupportedInterfaceOrientations_iPad = "UIInterfaceOrientationPortrait UIInterfaceOrientationPortraitUpsideDown UIInterfaceOrientationLandscapeLeft UIInterfaceOrientationLandscapeRight";
				INFOPLIST_KEY_UISupportedInterfaceOrientations_iPhone = "UIInterfaceOrientationPortrait UIInterfaceOrientationLandscapeLeft UIInterfaceOrientationLandscapeRight";
				LD_RUNPATH_SEARCH_PATHS = (
					"$(inherited)",
					"@executable_path/Frameworks",
				);
				MARKETING_VERSION = 1.0;
				PRODUCT_BUNDLE_IDENTIFIER = infomati.Infomatic;
				PRODUCT_NAME = "$(TARGET_NAME)";
				SWIFT_EMIT_LOC_STRINGS = YES;
				SWIFT_VERSION = 5.0;
				TARGETED_DEVICE_FAMILY = "1,2";
			};
			name = Debug;
		};
		8435E5462F1F49FC007BE749 /* Release */ = {
			isa = XCBuildConfiguration;
			buildSettings = {
				ASSETCATALOG_COMPILER_APPICON_NAME = AppIcon;
				ASSETCATALOG_COMPILER_GLOBAL_ACCENT_COLOR_NAME = AccentColor;
				CODE_SIGN_STYLE = Automatic;
				CURRENT_PROJECT_VERSION = 1;
				DEVELOPMENT_ASSET_PATHS = "\"Infomatic/Preview Content\"";
				ENABLE_PREVIEWS = YES;
				GENERATE_INFOPLIST_FILE = YES;
				INFOPLIST_KEY_UIApplicationSceneManifest_Generation = YES;
				INFOPLIST_KEY_UIApplicationSupportsIndirectInputEvents = YES;
				INFOPLIST_KEY_UILaunchScreen_Generation = YES;
				INFOPLIST_KEY_UISupportedInterfaceOrientations_iPad = "UIInterfaceOrientationPortrait UIInterfaceOrientationPortraitUpsideDown UIInterfaceOrientationLandscapeLeft UIInterfaceOrientationLandscapeRight";
				INFOPLIST_KEY_UISupportedInterfaceOrientations_iPhone = "UIInterfaceOrientationPortrait UIInterfaceOrientationLandscapeLeft UIInterfaceOrientationLandscapeRight";
				LD_RUNPATH_SEARCH_PATHS = (
					"$(inherited)",
					"@executable_path/Frameworks",
				);
				MARKETING_VERSION = 1.0;
				PRODUCT_BUNDLE_IDENTIFIER = infomati.Infomatic;
				PRODUCT_NAME = "$(TARGET_NAME)";
				SWIFT_EMIT_LOC_STRINGS = YES;
				SWIFT_VERSION = 5.0;
				TARGETED_DEVICE_FAMILY = "1,2";
			};
			name = Release;
		};
		8435E5482F1F49FC007BE749 /* Debug */ = {
			isa = XCBuildConfiguration;
			buildSettings = {
				ALWAYS_EMBED_SWIFT_STANDARD_LIBRARIES = YES;
				BUNDLE_LOADER = "$(TEST_HOST)";
				CODE_SIGN_STYLE = Automatic;
				CURRENT_PROJECT_VERSION = 1;
				GENERATE_INFOPLIST_FILE = YES;
				IPHONEOS_DEPLOYMENT_TARGET = 17.2;
				MARKETING_VERSION = 1.0;
				PRODUCT_BUNDLE_IDENTIFIER = infomati.InfomaticTests;
				PRODUCT_NAME = "$(TARGET_NAME)";
				SWIFT_EMIT_LOC_STRINGS = NO;
				SWIFT_VERSION = 5.0;
				TARGETED_DEVICE_FAMILY = "1,2";
				TEST_HOST = "$(BUILT_PRODUCTS_DIR)/Infomatic.app/$(BUNDLE_EXECUTABLE_FOLDER_PATH)/Infomatic";
			};
			name = Debug;
		};
		8435E5492F1F49FC007BE749 /* Release */ = {
			isa = XCBuildConfiguration;
			buildSettings = {
				ALWAYS_EMBED_SWIFT_STANDARD_LIBRARIES = YES;
				BUNDLE_LOADER = "$(TEST_HOST)";
				CODE_SIGN_STYLE = Automatic;
				CURRENT_PROJECT_VERSION = 1;
				GENERATE_INFOPLIST_FILE = YES;
				IPHONEOS_DEPLOYMENT_TARGET = 17.2;
				MARKETING_VERSION = 1.0;
				PRODUCT_BUNDLE_IDENTIFIER = infomati.InfomaticTests;
				PRODUCT_NAME = "$(TARGET_NAME)";
				SWIFT_EMIT_LOC_STRINGS = NO;
				SWIFT_VERSION = 5.0;
				TARGETED_DEVICE_FAMILY = "1,2";
				TEST_HOST = "$(BUILT_PRODUCTS_DIR)/Infomatic.app/$(BUNDLE_EXECUTABLE_FOLDER_PATH)/Infomatic";
			};
			name = Release;
		};
		8435E54B2F1F49FC007BE749 /* Debug */ = {
			isa = XCBuildConfiguration;
			buildSettings = {
				ALWAYS_EMBED_SWIFT_STANDARD_LIBRARIES = YES;
				CODE_SIGN_STYLE = Automatic;
				CURRENT_PROJECT_VERSION = 1;
				GENERATE_INFOPLIST_FILE = YES;
				MARKETING_VERSION = 1.0;
				PRODUCT_BUNDLE_IDENTIFIER = infomati.InfomaticUITests;
				PRODUCT_NAME = "$(TARGET_NAME)";
				SWIFT_EMIT_LOC_STRINGS = NO;
				SWIFT_VERSION = 5.0;
				TARGETED_DEVICE_FAMILY = "1,2";
				TEST_TARGET_NAME = Infomatic;
			};
			name = Debug;
		};
		8435E54C2F1F49FC007BE749 /* Release */ = {
			isa = XCBuildConfiguration;
			buildSettings = {
				ALWAYS_EMBED_SWIFT_STANDARD_LIBRARIES = YES;
				CODE_SIGN_STYLE = Automatic;
				CURRENT_PROJECT_VERSION = 1;
				GENERATE_INFOPLIST_FILE = YES;
				MARKETING_VERSION = 1.0;
				PRODUCT_BUNDLE_IDENTIFIER = infomati.InfomaticUITests;
				PRODUCT_NAME = "$(TARGET_NAME)";
				SWIFT_EMIT_LOC_STRINGS = NO;
				SWIFT_VERSION = 5.0;
				TARGETED_DEVICE_FAMILY = "1,2";
				TEST_TARGET_NAME = Infomatic;
			};
			name = Release;
		};
/* End XCBuildConfiguration section */

/* Begin XCConfigurationList section */
		8435E51B2F1F49FA007BE749 /* Build configuration list for PBXProject "Infomatic" */ = {
			isa = XCConfigurationList;
			buildConfigurations = (
				8435E5422F1F49FC007BE749 /* Debug */,
				8435E5432F1F49FC007BE749 /* Release */,
			);
			defaultConfigurationIsVisible = 0;
			defaultConfigurationName = Release;
		};
		8435E5442F1F49FC007BE749 /* Build configuration list for PBXNativeTarget "Infomatic" */ = {
			isa = XCConfigurationList;
			buildConfigurations = (
				8435E5452F1F49FC007BE749 /* Debug */,
				8435E5462F1F49FC007BE749 /* Release */,
			);
			defaultConfigurationIsVisible = 0;
			defaultConfigurationName = Release;
		};
		8435E5472F1F49FC007BE749 /* Build configuration list for PBXNativeTarget "InfomaticTests" */ = {
			isa = XCConfigurationList;
			buildConfigurations = (
				8435E5482F1F49FC007BE749 /* Debug */,
				8435E5492F1F49FC007BE749 /* Release */,
			);
			defaultConfigurationIsVisible = 0;
			defaultConfigurationName = Release;
		};
		8435E54A2F1F49FC007BE749 /* Build configuration list for PBXNativeTarget "InfomaticUITests" */ = {
			isa = XCConfigurationList;
			buildConfigurations = (
				8435E54B2F1F49FC007BE749 /* Debug */,
				8435E54C2F1F49FC007BE749 /* Release */,
			);
			defaultConfigurationIsVisible = 0;
			defaultConfigurationName = Release;
		};
/* End XCConfigurationList section */
	};
	rootObject = 8435E5182F1F49FA007BE749 /* Project object */;
}
